{
  "name": "nse-holiday-calendar",
  "version": "1.0.1",
  "lockfileVersion": 3,
  "requires": true,
  "packages": {
    "": {
      "name": "nse-holiday-calendar",
      "version": "1.0.1",
      "license": "MIT",
      "dependencies": {
        "nse-holiday-calendar": "^1.0.1"
      }
    },
    "node_modules/nse-holiday-calendar": {
      "version": "1.0.1",
      "resolved": "https://registry.npmjs.org/nse-holiday-calendar/-/nse-holiday-calendar-1.0.1.tgz",
      "integrity": "sha512-PdQ+oYtvYvl5PGBkYmlv7TZSXGL1GwiEk1+JhIx6OrEBMKdWRqaKRGrOUNVm8PGCyrWyDVDKThiiG8QADwNXCw=="
    }
  }
}
